[[package]]
name = "numpy"
version = "1.21.1"
description = "NumPy is the fundamental package for array computing with Python."
category = "main"
optional = false
python-versions = ">=3.7"

[[package]]
name = "opencv-python-headless"
version = "4.5.3.56"
description = "Wrapper package for OpenCV python bindings."
category = "main"
optional = false
python-versions = ">=3.6"

[package.dependencies]
numpy = ">=1.21.0"

[metadata]
lock-version = "1.1"
python-versions = "^3.8"
content-hash = "c9f0ec3ea4386b200d850efb780f79bf00c887f77bfc26d57569488ed56c063b"

[metadata.files]
numpy = [
    {file = "numpy-1.21.1-cp37-cp37m-macosx_10_9_x86_64.whl", hash = "sha256:38e8648f9449a549a7dfe8d8755a5979b45b3538520d1e735637ef28e8c2dc50"},
    {file = "numpy-1.21.1-cp37-cp37m-manylinux_2_12_i686.manylinux2010_i686.whl", hash = "sha256:fd7d7409fa643a91d0a05c7554dd68aa9c9bb16e186f6ccfe40d6e003156e33a"},
    {file = "numpy-1.21.1-cp37-cp37m-manylinux_2_12_x86_64.manylinux2010_x86_64.whl", hash = "sha256:a75b4498b1e93d8b700282dc8e655b8bd559c0904b3910b144646dbbbc03e062"},
    {file = "numpy-1.21.1-cp37-cp37m-manylinux_2_17_aarch64.manylinux2014_aarch64.whl", hash = "sha256:1412aa0aec3e00bc23fbb8664d76552b4efde98fb71f60737c83efbac24112f1"},
    {file = "numpy-1.21.1-cp37-cp37m-manylinux_2_5_i686.manylinux1_i686.whl", hash = "sha256:e46ceaff65609b5399163de5893d8f2a82d3c77d5e56d976c8b5fb01faa6b671"},
    {file = "numpy-1.21.1-cp37-cp37m-manylinux_2_5_x86_64.manylinux1_x86_64.whl", hash = "sha256:c6a2324085dd52f96498419ba95b5777e40b6bcbc20088fddb9e8cbb58885e8e"},
    {file = "numpy-1.21.1-cp37-cp37m-win32.whl", hash = "sha256:73101b2a1fef16602696d133db402a7e7586654682244344b8329cdcbbb82172"},
    {file = "numpy-1.21.1-cp37-cp37m-win_amd64.whl", hash = "sha256:7a708a79c9a9d26904d1cca8d383bf869edf6f8e7650d85dbc77b041e8c5a0f8"},
    {file = "numpy-1.21.1-cp38-cp38-macosx_10_9_universal2.whl", hash = "sha256:95b995d0c413f5d0428b3f880e8fe1660ff9396dcd1f9eedbc311f37b5652e16"},
    {file = "numpy-1.21.1-cp38-cp38-macosx_10_9_x86_64.whl", hash = "sha256:635e6bd31c9fb3d475c8f44a089569070d10a9ef18ed13738b03049280281267"},
    {file = "numpy-1.21.1-cp38-cp38-macosx_11_0_arm64.whl", hash = "sha256:4a3d5fb89bfe21be2ef47c0614b9c9c707b7362386c9a3ff1feae63e0267ccb6"},
    {file = "numpy-1.21.1-cp38-cp38-manylinux_2_12_i686.manylinux2010_i686.whl", hash = "sha256:8a326af80e86d0e9ce92bcc1e65c8ff88297de4fa14ee936cb2293d414c9ec63"},
    {file = "numpy-1.21.1-cp38-cp38-manylinux_2_12_x86_64.manylinux2010_x86_64.whl", hash = "sha256:791492091744b0fe390a6ce85cc1bf5149968ac7d5f0477288f78c89b385d9af"},
    {file = "numpy-1.21.1-cp38-cp38-manylinux_2_17_aarch64.manylinux2014_aarch64.whl", hash = "sha256:0318c465786c1f63ac05d7c4dbcecd4d2d7e13f0959b01b534ea1e92202235c5"},
    {file = "numpy-1.21.1-cp38-cp38-manylinux_2_5_i686.manylinux1_i686.whl", hash = "sha256:9a513bd9c1551894ee3d31369f9b07460ef223694098cf27d399513415855b68"},
    {file = "numpy-1.21.1-cp38-cp38-manylinux_2_5_x86_64.manylinux1_x86_64.whl", hash = "sha256:91c6f5fc58df1e0a3cc0c3a717bb3308ff850abdaa6d2d802573ee2b11f674a8"},
    {file = "numpy-1.21.1-cp38-cp38-win32.whl", hash = "sha256:978010b68e17150db8765355d1ccdd450f9fc916824e8c4e35ee620590e234cd"},
    {file = "numpy-1.21.1-cp38-cp38-win_amd64.whl", hash = "sha256:9749a40a5b22333467f02fe11edc98f022133ee1bfa8ab99bda5e5437b831214"},
    {file = "numpy-1.21.1-cp39-cp39-macosx_10_9_universal2.whl", hash = "sha256:d7a4aeac3b94af92a9373d6e77b37691b86411f9745190d2c351f410ab3a791f"},
    {file = "numpy-1.21.1-cp39-cp39-macosx_10_9_x86_64.whl", hash = "sha256:d9e7912a56108aba9b31df688a4c4f5cb0d9d3787386b87d504762b6754fbb1b"},
    {file = "numpy-1.21.1-cp39-cp39-macosx_11_0_arm64.whl", hash = "sha256:25b40b98ebdd272bc3020935427a4530b7d60dfbe1ab9381a39147834e985eac"},
    {file = "numpy-1.21.1-cp39-cp39-manylinux_2_12_i686.manylinux2010_i686.whl", hash = "sha256:8a92c5aea763d14ba9d6475803fc7904bda7decc2a0a68153f587ad82941fec1"},
    {file = "numpy-1.21.1-cp39-cp39-manylinux_2_12_x86_64.manylinux2010_x86_64.whl", hash = "sha256:05a0f648eb28bae4bcb204e6fd14603de2908de982e761a2fc78efe0f19e96e1"},
    {file = "numpy-1.21.1-cp39-cp39-manylinux_2_17_aarch64.manylinux2014_aarch64.whl", hash = "sha256:f01f28075a92eede918b965e86e8f0ba7b7797a95aa8d35e1cc8821f5fc3ad6a"},
    {file = "numpy-1.21.1-cp39-cp39-win32.whl", hash = "sha256:88c0b89ad1cc24a5efbb99ff9ab5db0f9a86e9cc50240177a571fbe9c2860ac2"},
    {file = "numpy-1.21.1-cp39-cp39-win_amd64.whl", hash = "sha256:01721eefe70544d548425a07c80be8377096a54118070b8a62476866d5208e33"},
    {file = "numpy-1.21.1-pp37-pypy37_pp73-manylinux_2_12_x86_64.manylinux2010_x86_64.whl", hash = "sha256:2d4d1de6e6fb3d28781c73fbde702ac97f03d79e4ffd6598b880b2d95d62ead4"},
    {file = "numpy-1.21.1.zip", hash = "sha256:dff4af63638afcc57a3dfb9e4b26d434a7a602d225b42d746ea7fe2edf1342fd"},
]
opencv-python-headless = [
    {file = "opencv-python-headless-4.5.3.56.tar.gz", hash = "sha256:3308d22efec8a69932709fc76456ef7e0d1cd9eb2272d94b7e5df0674d3e324f"},
    {file = "opencv_python_headless-4.5.3.56-cp36-cp36m-macosx_10_15_x86_64.whl", hash = "sha256:b563106e93525bd30072a27448cc2b5c11e45bf6025e74e1d40efd5349a31736"},
    {file = "opencv_python_headless-4.5.3.56-cp36-cp36m-manylinux2014_aarch64.whl", hash = "sha256:ecd84834f58daf94d3a4874a11997180380ef9af11b1fd5f81dbb8599b3c3446"},
    {file = "opencv_python_headless-4.5.3.56-cp36-cp36m-manylinux2014_x86_64.whl", hash = "sha256:0ef768d119a00eb6be0ba7953ab875218084d078db564af89af2b3891b6d7a3b"},
    {file = "opencv_python_headless-4.5.3.56-cp36-cp36m-win32.whl", hash = "sha256:d70f3a44fb25f555da36e6c242cd1dffac6c4637eb900584f2a70a46e8e3cf05"},
    {file = "opencv_python_headless-4.5.3.56-cp36-cp36m-win_amd64.whl", hash = "sha256:3599939dc61ab32c91cb2dbfd80a8199b53bf8a08cbb636ee9c2f27d74fe4f8f"},
    {file = "opencv_python_headless-4.5.3.56-cp37-cp37m-macosx_10_15_x86_64.whl", hash = "sha256:3b1aa94894872e17a5fa07794562d8c44add78dd4c90a12fa1d946789e088784"},
    {file = "opencv_python_headless-4.5.3.56-cp37-cp37m-macosx_11_0_arm64.whl", hash = "sha256:fc9fa0fa88423c0e74db52fe13939aa506789f924a2a879e31f1d415e39a0db2"},
    {file = "opencv_python_headless-4.5.3.56-cp37-cp37m-manylinux2014_aarch64.whl", hash = "sha256:90686bd1292972ad47298154c8ad37543080b2fc0417b68a350d30232b77f670"},
    {file = "opencv_python_headless-4.5.3.56-cp37-cp37m-manylinux2014_x86_64.whl", hash = "sha256:c54ad51bfc4623de287bd68f14f481f72300bd16a2d9e14850c1ef1a2dfc7dca"},
    {file = "opencv_python_headless-4.5.3.56-cp37-cp37m-win32.whl", hash = "sha256:fd0f0629e27d97eec2f51500afbe0845876fdcd89d412035f4d7beb618c51066"},
    {file = "opencv_python_headless-4.5.3.56-cp37-cp37m-win_amd64.whl", hash = "sha256:b224afffbc4ea21fe100824ff08a79ad1fae3088c1280b8ff815067b827e5240"},
    {file = "opencv_python_headless-4.5.3.56-cp38-cp38-macosx_10_15_x86_64.whl", hash = "sha256:bfe8989ed4af5e14ef1480c89fe259f5d4bc66c5ae0e7d56d7c778ef6ebbcdf4"},
    {file = "opencv_python_headless-4.5.3.56-cp38-cp38-macosx_11_0_arm64.whl", hash = "sha256:1a00d01d8d7250d6b87c63eb7b2df1e541fdb10919c22940cc53884bb12057c9"},
    {file = "opencv_python_headless-4.5.3.56-cp38-cp38-manylinux2014_aarch64.whl", hash = "sha256:39eaae19d5fa906c7ec2db76447c0ff9df6305633493f1b86e4c0080ed1cb036"},
    {file = "opencv_python_headless-4.5.3.56-cp38-cp38-manylinux2014_x86_64.whl", hash = "sha256:e19ba664cae0bc6ad39e2fbf3b3f16c93009132f792dcb7ca0105f0cc15997ed"},
    {file = "opencv_python_headless-4.5.3.56-cp38-cp38-win32.whl", hash = "sha256:ebfeaff7e0bb1c293008a49b2b2c033a7cec3805006a8284fa1a44ad8c30446b"},
    {file = "opencv_python_headless-4.5.3.56-cp38-cp38-win_amd64.whl", hash = "sha256:0efe30ce934ec2ab7272143d17f68885910a715c6aeffd02973c04b3d8b99ca6"},
    {file = "opencv_python_headless-4.5.3.56-cp39-cp39-macosx_10_15_x86_64.whl", hash = "sha256:0e8080dc5baf6855b663634d9c7a45732e2999bbe44aa5e4a14c15f3631998e4"},
    {file = "opencv_python_headless-4.5.3.56-cp39-cp39-macosx_11_0_arm64.whl", hash = "sha256:465b157480902ecd6b2c4c46d547e4cfdec7595177bcc612c6f4c351966a5a1e"},
    {file = "opencv_python_headless-4.5.3.56-cp39-cp39-manylinux2014_aarch64.whl", hash = "sha256:d4c784339c366d27d0b4503a073c97a7cd78657937b3755fdbc9168a002f6409"},
    {file = "opencv_python_headless-4.5.3.56-cp39-cp39-manylinux2014_x86_64.whl", hash = "sha256:c7a1d365f2f8ce413847479a2d39bee2be6d5027119b08c4c5f6594f1f57673d"},
    {file = "opencv_python_headless-4.5.3.56-cp39-cp39-win32.whl", hash = "sha256:0935bf569e2edc1af8bc38f00813e37b1ba63e4b2eb0dc48651f405068b8b36d"},
    {file = "opencv_python_headless-4.5.3.56-cp39-cp39-win_amd64.whl", hash = "sha256:f1082f4f15a681b435686ed3fc0232128a222fed6792a47fae5cf081eb751ccf"},
]
